
Microsoft Visual Studio Solution File, Format Version 12.00
# Visual Studio Version 17
VisualStudioVersion = 17.1.32328.378
MinimumVisualStudioVersion = 10.0.40219.1
Project("{9A19103F-16F7-4668-BE54-9A1E7A4F7556}") = "zomboid-server-control", "zomboid-server-control.csproj", "{E983D172-7DE4-4455-9A53-C834BA898884}"
EndProject
Global
	GlobalSection(SolutionConfigurationPlatforms) = preSolution
		Debug|Any CPU = Debug|Any CPU
		Release|Any CPU = Release|Any CPU
	EndGlobalSection
	GlobalSection(ProjectConfigurationPlatforms) = postSolution
		{E983D172-7DE4-4455-9A53-C834BA898884}.Debug|Any CPU.ActiveCfg = Debug|Any CPU
		{E983D172-7DE4-4455-9A53-C834BA898884}.Debug|Any CPU.Build.0 = Debug|Any CPU
		{E983D172-7DE4-4455-9A53-C834BA898884}.Release|Any CPU.ActiveCfg = Release|Any CPU
		{E983D172-7DE4-4455-9A53-C834BA898884}.Release|Any CPU.Build.0 = Release|Any CPU
	EndGlobalSection
	GlobalSection(SolutionProperties) = preSolution
		HideSolutionNode = FALSE
	EndGlobalSection
	GlobalSection(ExtensibilityGlobals) = postSolution
		SolutionGuid = {4997A913-62D7-4133-A1D4-3209B1FD5D53}
	EndGlobalSection
EndGlobal
